golang.org/x/net v0.0.0-20211215052518-889c7bb924f4 h1:vfj/eWQyvFJ4+qOg8PJLzOCv/Hpj0UJoGX7Yb/QCpDs=
golang.org/x/net v0.0.0-20211215052518-889c7bb924f4/go.mod h1:WXiZvifntc2oy0YtTZHSvV8lmla9FjJZ5g1p/WmZi+0=
golang.org/x/text v0.3.7 h1:Vw5Chy05Em7FfTnVHFw9ixZHxnMBKrlNt4uhBiAbKLI=
golang.org/x/text v0.3.7/go.mod h1:KuMbLk/hkRVuXD0Jz2Ri4WXFzbn0OFNrKN+ky1yEml0=
